devDependencies:
  autoprefixer: 9.7.4
  postcss-preset-env: 6.7.0
  qs: 6.9.1
lockfileVersion: 5.1
packages:
  /@csstools/convert-colors/1.4.0:
    dev: true
    engines:
      node: '>=4.0.0'
    resolution:
      integrity: sha512-5a6wqoJV/xEdbRNKVo6I4hO3VjyDq//8q2f9I6PBAvMesJHFauXDorcNCsr9RzvsZnaWi5NYCcfyqP1QeFHFbw==
  /ansi-styles/3.2.1:
    dependencies:
      color-convert: 1.9.3
    dev: true
    engines:
      node: '>=4'
    resolution:
      integrity: sha512-VT0ZI6kZRdTh8YyJw3SMbYm/u+NqfsAxEpWO0Pf9sq8/e94WxxOpPKx9FR1FlyCtOVDNOQ+8ntlqFxiRc+r5qA==
  /autoprefixer/9.7.4:
    dependencies:
      browserslist: 4.9.1
      caniuse-lite: 1.0.30001000
      chalk: 2.4.2
      normalize-range: 0.1.2
      num2fraction: 1.2.2
      postcss: 7.0.27
      postcss-value-parser: 4.0.3
    dev: true
    engines:
      node: '>=6.0.0'
    hasBin: true
    resolution:
      integrity: sha512-g0Ya30YrMBAEZk60lp+qfX5YQllG+S5W3GYCFvyHTvhOki0AEQJLPEcIuGRsqVwLi8FvXPVtwTGhfr38hVpm0g==
  /balanced-match/1.0.0:
    dev: true
    resolution:
      integrity: sha1-ibTRmasr7kneFk6gK4nORi1xt2c=
  /browserslist/4.9.1:
    dependencies:
      caniuse-lite: 1.0.1234
      electron-to-chromium: 1.3.377
      node-releases: 1.1.52
    dev: true
    hasBin: true
    resolution:
      integrity: sha512-Q0DnKq20End3raFulq6Vfp1ecB9fh8yUNV55s8sekaDDeqBaCtWlRHCUdaWyUeSSBJM7IbM6HcsyaeYqgeDhnw==
  /caniuse-lite/1.0.30001035:
    dev: true
    resolution:
      integrity: sha512-C1ZxgkuA4/bUEdMbU5WrGY4+UhMFFiXrgNAfxiMIqWgFTWfv/xsZCS2xEHT2LMq7xAZfuAnu6mcqyDl0ZR6wLQ==
  /chalk/2.4.2:
    dependencies:
      ansi-styles: 3.2.1
      escape-string-regexp: 1.0.5
      supports-color: 5.5.0
    dev: true
    engines:
      node: '>=4'
    resolution:
      integrity: sha512-Mti+f9lpJNcwF4tWV8/OrTTtF1gZi+f8FqlyAdouralcFWFQWF2+NgCHShjkCb+IFBLq9buZwE1xckQU4peSuQ==
  /color-convert/1.9.3:
    dependencies:
      color-name: 1.1.3
    dev: true
    resolution:
      integrity: sha512-QfAUtd+vFdAtFQcC8CCyYt1fYWxSqAiK2cSD6zDB8N3cpsEBAvRxp9zOGg6G/SHHJYAT88/az/IuDGALsNVbGg==
  /color-name/1.1.3:
    dev: true
    resolution:
      integrity: sha1-p9BVi9icQveV3UIyj3QIMcpTvCU=
  /css-blank-pseudo/0.1.4:
    dependencies:
      postcss: 7.0.27
    dev: true
    engines:
      node: '>=6.0.0'
    hasBin: true
    resolution:
      integrity: sha512-LHz35Hr83dnFeipc7oqFDmsjHdljj3TQtxGGiNWSOsTLIAubSm4TEz8qCaKFpk7idaQ1GfWscF4E6mgpBysA1w==
  /css-has-pseudo/0.10.0:
    dependencies:
      postcss: 7.0.27
      postcss-selector-parser: 5.0.0
    dev: true
    engines:
      node: '>=6.0.0'
    hasBin: true
    resolution:
      integrity: sha512-Z8hnfsZu4o/kt+AuFzeGpLVhFOGO9mluyHBaA2bA8aCGTwah5sT3WV/fTHH8UNZUytOIImuGPrl/prlb4oX4qQ==
  /css-prefers-color-scheme/3.1.1:
    dependencies:
      postcss: 7.0.27
    dev: true
    engines:
      node: '>=6.0.0'
    hasBin: true
    resolution:
      integrity: sha512-MTu6+tMs9S3EUqzmqLXEcgNRbNkkD/TGFvowpeoWJn5Vfq7FMgsmRQs9X5NXAURiOBmOxm/lLjsDNXDE6k9bhg==
  /cssdb/4.4.0:
    dev: true
    resolution:
      integrity: sha512-LsTAR1JPEM9TpGhl/0p3nQecC2LJ0kD8X5YARu1hk/9I1gril5vDtMZyNxcEpxxDj34YNck/ucjuoUd66K03oQ==
  /cssesc/2.0.0:
    dev: true
    engines:
      node: '>=4'
    hasBin: true
    resolution:
      integrity: sha512-MsCAG1z9lPdoO/IUMLSBWBSVxVtJ1395VGIQ+Fc2gNdkQ1hNDnQdw3YhA71WJCBW1vdwA0cAnk/DnW6bqoEUYg==
  /cssesc/3.0.0:
    dev: true
    engines:
      node: '>=4'
    hasBin: true
    resolution:
      integrity: sha512-/Tb/JcjK111nNScGob5MNtsntNM1aCNUDipB/TkwZFhyDrrE47SOx/18wF2bbjgc3ZzCSKW1T5nt5EbFoAz/Vg==
  /electron-to-chromium/1.3.377:
    dev: true
    resolution:
      integrity: sha512-cm2WzMKf/3dW5+hNANKm8GAW6SwIWOqLTJ6GPCD0Bbw1qJ9Wzm9nmx9M+byzSsgw8CdCv5fb/wzLFqVS5h6QrA==
  /escape-string-regexp/1.0.5:
    dev: true
    engines:
      node: '>=0.8.0'
    resolution:
      integrity: sha1-G2HAViGQqN/2rjuyzwIAyhMLhtQ=
  /flatten/1.0.3:
    dev: true
    resolution:
      integrity: sha512-dVsPA/UwQ8+2uoFe5GHtiBMu48dWLTdsuEd7CKGlZlD78r1TTWBvDuFaFGKCo/ZfEr95Uk56vZoX86OsHkUeIg==
  /has-flag/3.0.0:
    dev: true
    engines:
      node: '>=4'
    resolution:
      integrity: sha1-tdRU3CGZriJWmfNGfloH87lVuv0=
  /indexes-of/1.0.1:
    dev: true
    resolution:
      integrity: sha1-8w9xbI4r00bHtn0985FVZqfAVgc=
  /lodash._reinterpolate/3.0.0:
    dev: true
    resolution:
      integrity: sha1-DM8tiRZq8Ds2Y8eWU4t1rG4RTZ0=
  /lodash.template/4.5.0:
    dependencies:
      lodash._reinterpolate: 3.0.0
      lodash.templatesettings: 4.2.0
    dev: true
    resolution:
      integrity: sha512-84vYFxIkmidUiFxidA/KjjH9pAycqW+h980j7Fuz5qxRtO9pgB7MDFTdys1N7A5mcucRiDyEq4fusljItR1T/A==
  /lodash.templatesettings/4.2.0:
    dependencies:
      lodash._reinterpolate: 3.0.0
    dev: true
    resolution:
      integrity: sha512-stgLz+i3Aa9mZgnjr/O+v9ruKZsPsndy7qPZOchbqk2cnTU1ZaldKK+v7m54WoKIyxiuMZTKT2H81F8BeAc3ZQ==
  /node-releases/1.1.52:
    dependencies:
      semver: 6.3.0
    dev: true
    resolution:
      integrity: sha512-snSiT1UypkgGt2wxPqS6ImEUICbNCMb31yaxWrOLXjhlt2z2/IBpaOxzONExqSm4y5oLnAqjjRWu+wsDzK5yNQ==
  /normalize-range/0.1.2:
    dev: true
    engines:
      node: '>=0.10.0'
    resolution:
      integrity: sha1-LRDAa9/TEuqXd2laTShDlFa3WUI=
  /num2fraction/1.2.2:
    dev: true
    resolution:
      integrity: sha1-b2gragJ6Tp3fpFZM0lidHU5mnt4=
  /postcss-attribute-case-insensitive/4.0.2:
    dependencies:
      postcss: 7.0.27
      postcss-selector-parser: 6.0.2
    dev: true
    resolution:
      integrity: sha512-clkFxk/9pcdb4Vkn0hAHq3YnxBQ2p0CGD1dy24jN+reBck+EWxMbxSUqN4Yj7t0w8csl87K6p0gxBe1utkJsYA==
  /postcss-color-functional-notation/2.0.1:
    dependencies:
      postcss: 7.0.27
      postcss-values-parser: 2.0.1
    dev: true
    engines:
      node: '>=6.0.0'
    resolution:
      integrity: sha512-ZBARCypjEDofW4P6IdPVTLhDNXPRn8T2s1zHbZidW6rPaaZvcnCS2soYFIQJrMZSxiePJ2XIYTlcb2ztr/eT2g==
  /postcss-color-gray/5.0.0:
    dependencies:
      '@csstools/convert-colors': 1.4.0
      postcss: 7.0.27
      postcss-values-parser: 2.0.1
    dev: true
    engines:
      node: '>=6.0.0'
    resolution:
      integrity: sha512-q6BuRnAGKM/ZRpfDascZlIZPjvwsRye7UDNalqVz3s7GDxMtqPY6+Q871liNxsonUw8oC61OG+PSaysYpl1bnw==
  /postcss-color-hex-alpha/5.0.3:
    dependencies:
      postcss: 7.0.27
      postcss-values-parser: 2.0.1
    dev: true
    engines:
      node: '>=6.0.0'
    resolution:
      integrity: sha512-PF4GDel8q3kkreVXKLAGNpHKilXsZ6xuu+mOQMHWHLPNyjiUBOr75sp5ZKJfmv1MCus5/DWUGcK9hm6qHEnXYw==
  /postcss-color-mod-function/3.0.3:
    dependencies:
      '@csstools/convert-colors': 1.4.0
      postcss: 7.0.27
      postcss-values-parser: 2.0.1
    dev: true
    engines:
      node: '>=6.0.0'
    resolution:
      integrity: sha512-YP4VG+xufxaVtzV6ZmhEtc+/aTXH3d0JLpnYfxqTvwZPbJhWqp8bSY3nfNzNRFLgB4XSaBA82OE4VjOOKpCdVQ==
  /postcss-color-rebeccapurple/4.0.1:
    dependencies:
      postcss: 7.0.27
      postcss-values-parser: 2.0.1
    dev: true
    engines:
      node: '>=6.0.0'
    resolution:
      integrity: sha512-aAe3OhkS6qJXBbqzvZth2Au4V3KieR5sRQ4ptb2b2O8wgvB3SJBsdG+jsn2BZbbwekDG8nTfcCNKcSfe/lEy8g==
  /postcss-custom-media/7.0.8:
    dependencies:
      postcss: 7.0.27
    dev: true
    engines:
      node: '>=6.0.0'
    resolution:
      integrity: sha512-c9s5iX0Ge15o00HKbuRuTqNndsJUbaXdiNsksnVH8H4gdc+zbLzr/UasOwNG6CTDpLFekVY4672eWdiiWu2GUg==
  /postcss-custom-properties/8.0.11:
    dependencies:
      postcss: 7.0.27
      postcss-values-parser: 2.0.1
    dev: true
    engines:
      node: '>=6.0.0'
    resolution:
      integrity: sha512-nm+o0eLdYqdnJ5abAJeXp4CEU1c1k+eB2yMCvhgzsds/e0umabFrN6HoTy/8Q4K5ilxERdl/JD1LO5ANoYBeMA==
  /postcss-custom-selectors/5.1.2:
    dependencies:
      postcss: 7.0.27
      postcss-selector-parser: 5.0.0
    dev: true
    engines:
      node: '>=6.0.0'
    resolution:
      integrity: sha512-DSGDhqinCqXqlS4R7KGxL1OSycd1lydugJ1ky4iRXPHdBRiozyMHrdu0H3o7qNOCiZwySZTUI5MV0T8QhCLu+w==
  /postcss-dir-pseudo-class/5.0.0:
    dependencies:
      postcss: 7.0.27
      postcss-selector-parser: 5.0.0
    dev: true
    engines:
      node: '>=4.0.0'
    resolution:
      integrity: sha512-3pm4oq8HYWMZePJY+5ANriPs3P07q+LW6FAdTlkFH2XqDdP4HeeJYMOzn0HYLhRSjBO3fhiqSwwU9xEULSrPgw==
  /postcss-double-position-gradients/1.0.0:
    dependencies:
      postcss: 7.0.27
      postcss-values-parser: 2.0.1
    dev: true
    engines:
      node: '>=6.0.0'
    resolution:
      integrity: sha512-G+nV8EnQq25fOI8CH/B6krEohGWnF5+3A6H/+JEpOncu5dCnkS1QQ6+ct3Jkaepw1NGVqqOZH6lqrm244mCftA==
  /postcss-env-function/2.0.2:
    dependencies:
      postcss: 7.0.27
      postcss-values-parser: 2.0.1
    dev: true
    engines:
      node: '>=6.0.0'
    resolution:
      integrity: sha512-rwac4BuZlITeUbiBq60h/xbLzXY43qOsIErngWa4l7Mt+RaSkT7QBjXVGTcBHupykkblHMDrBFh30zchYPaOUw==
  /postcss-focus-visible/4.0.0:
    dependencies:
      postcss: 7.0.27
    dev: true
    engines:
      node: '>=6.0.0'
    resolution:
      integrity: sha512-Z5CkWBw0+idJHSV6+Bgf2peDOFf/x4o+vX/pwcNYrWpXFrSfTkQ3JQ1ojrq9yS+upnAlNRHeg8uEwFTgorjI8g==
  /postcss-focus-within/3.0.0:
    dependencies:
      postcss: 7.0.27
    dev: true
    engines:
      node: '>=6.0.0'
    resolution:
      integrity: sha512-W0APui8jQeBKbCGZudW37EeMCjDeVxKgiYfIIEo8Bdh5SpB9sxds/Iq8SEuzS0Q4YFOlG7EPFulbbxujpkrV2w==
  /postcss-font-variant/4.0.0:
    dependencies:
      postcss: 7.0.27
    dev: true
    resolution:
      integrity: sha512-M8BFYKOvCrI2aITzDad7kWuXXTm0YhGdP9Q8HanmN4EF1Hmcgs1KK5rSHylt/lUJe8yLxiSwWAHdScoEiIxztg==
  /postcss-gap-properties/2.0.0:
    dependencies:
      postcss: 7.0.27
    dev: true
    engines:
      node: '>=6.0.0'
    resolution:
      integrity: sha512-QZSqDaMgXCHuHTEzMsS2KfVDOq7ZFiknSpkrPJY6jmxbugUPTuSzs/vuE5I3zv0WAS+3vhrlqhijiprnuQfzmg==
  /postcss-image-set-function/3.0.1:
    dependencies:
      postcss: 7.0.27
      postcss-values-parser: 2.0.1
    dev: true
    engines:
      node: '>=6.0.0'
    resolution:
      integrity: sha512-oPTcFFip5LZy8Y/whto91L9xdRHCWEMs3e1MdJxhgt4jy2WYXfhkng59fH5qLXSCPN8k4n94p1Czrfe5IOkKUw==
  /postcss-initial/3.0.2:
    dependencies:
      lodash.template: 4.5.0
      postcss: 7.0.27
    dev: true
    resolution:
      integrity: sha512-ugA2wKonC0xeNHgirR4D3VWHs2JcU08WAi1KFLVcnb7IN89phID6Qtg2RIctWbnvp1TM2BOmDtX8GGLCKdR8YA==
  /postcss-lab-function/2.0.1:
    dependencies:
      '@csstools/convert-colors': 1.4.0
      postcss: 7.0.27
      postcss-values-parser: 2.0.1
    dev: true
    engines:
      node: '>=6.0.0'
    resolution:
      integrity: sha512-whLy1IeZKY+3fYdqQFuDBf8Auw+qFuVnChWjmxm/UhHWqNHZx+B99EwxTvGYmUBqe3Fjxs4L1BoZTJmPu6usVg==
  /postcss-logical/3.0.0:
    dependencies:
      postcss: 7.0.27
    dev: true
    engines:
      node: '>=6.0.0'
    resolution:
      integrity: sha512-1SUKdJc2vuMOmeItqGuNaC+N8MzBWFWEkAnRnLpFYj1tGGa7NqyVBujfRtgNa2gXR+6RkGUiB2O5Vmh7E2RmiA==
  /postcss-media-minmax/4.0.0:
    dependencies:
      postcss: 7.0.27
    dev: true
    engines:
      node: '>=6.0.0'
    resolution:
      integrity: sha512-fo9moya6qyxsjbFAYl97qKO9gyre3qvbMnkOZeZwlsW6XYFsvs2DMGDlchVLfAd8LHPZDxivu/+qW2SMQeTHBw==
  /postcss-nesting/7.0.1:
    dependencies:
      postcss: 7.0.27
    dev: true
    engines:
      node: '>=6.0.0'
    resolution:
      integrity: sha512-FrorPb0H3nuVq0Sff7W2rnc3SmIcruVC6YwpcS+k687VxyxO33iE1amna7wHuRVzM8vfiYofXSBHNAZ3QhLvYg==
  /postcss-overflow-shorthand/2.0.0:
    dependencies:
      postcss: 7.0.27
    dev: true
    engines:
      node: '>=6.0.0'
    resolution:
      integrity: sha512-aK0fHc9CBNx8jbzMYhshZcEv8LtYnBIRYQD5i7w/K/wS9c2+0NSR6B3OVMu5y0hBHYLcMGjfU+dmWYNKH0I85g==
  /postcss-page-break/2.0.0:
    dependencies:
      postcss: 7.0.27
    dev: true
    resolution:
      integrity: sha512-tkpTSrLpfLfD9HvgOlJuigLuk39wVTbbd8RKcy8/ugV2bNBUW3xU+AIqyxhDrQr1VUj1RmyJrBn1YWrqUm9zAQ==
  /postcss-place/4.0.1:
    dependencies:
      postcss: 7.0.27
      postcss-values-parser: 2.0.1
    dev: true
    engines:
      node: '>=6.0.0'
    resolution:
      integrity: sha512-Zb6byCSLkgRKLODj/5mQugyuj9bvAAw9LqJJjgwz5cYryGeXfFZfSXoP1UfveccFmeq0b/2xxwcTEVScnqGxBg==
  /postcss-preset-env/6.7.0:
    dependencies:
      autoprefixer: 9.7.4
      browserslist: 4.9.1
      caniuse-lite: 1.0.3000
      css-blank-pseudo: 0.1.4
      css-has-pseudo: 0.10.0
      css-prefers-color-scheme: 3.1.1
      cssdb: 4.4.0
      postcss: 7.0.27
      postcss-attribute-case-insensitive: 4.0.2
      postcss-color-functional-notation: 2.0.1
      postcss-color-gray: 5.0.0
      postcss-color-hex-alpha: 5.0.3
      postcss-color-mod-function: 3.0.3
      postcss-color-rebeccapurple: 4.0.1
      postcss-custom-media: 7.0.8
      postcss-custom-properties: 8.0.11
      postcss-custom-selectors: 5.1.2
      postcss-dir-pseudo-class: 5.0.0
      postcss-double-position-gradients: 1.0.0
      postcss-env-function: 2.0.2
      postcss-focus-visible: 4.0.0
      postcss-focus-within: 3.0.0
      postcss-font-variant: 4.0.0
      postcss-gap-properties: 2.0.0
      postcss-image-set-function: 3.0.1
      postcss-initial: 3.0.2
      postcss-lab-function: 2.0.1
      postcss-logical: 3.0.0
      postcss-media-minmax: 4.0.0
      postcss-nesting: 7.0.1
      postcss-overflow-shorthand: 2.0.0
      postcss-page-break: 2.0.0
      postcss-place: 4.0.1
      postcss-pseudo-class-any-link: 6.0.0
      postcss-replace-overflow-wrap: 3.0.0
      postcss-selector-matches: 4.0.0
      postcss-selector-not: 4.0.0
    dev: true
    engines:
      node: '>=6.0.0'
    resolution:
      integrity: sha512-eU4/K5xzSFwUFJ8hTdTQzo2RBLbDVt83QZrAvI07TULOkmyQlnYlpwep+2yIK+K+0KlZO4BvFcleOCCcUtwchg==
  /postcss-pseudo-class-any-link/6.0.0:
    dependencies:
      postcss: 7.0.27
      postcss-selector-parser: 5.0.0
    dev: true
    engines:
      node: '>=6.0.0'
    resolution:
      integrity: sha512-lgXW9sYJdLqtmw23otOzrtbDXofUdfYzNm4PIpNE322/swES3VU9XlXHeJS46zT2onFO7V1QFdD4Q9LiZj8mew==
  /postcss-replace-overflow-wrap/3.0.0:
    dependencies:
      postcss: 7.0.27
    dev: true
    resolution:
      integrity: sha512-2T5hcEHArDT6X9+9dVSPQdo7QHzG4XKclFT8rU5TzJPDN7RIRTbO9c4drUISOVemLj03aezStHCR2AIcr8XLpw==
  /postcss-selector-matches/4.0.0:
    dependencies:
      balanced-match: 1.0.0
      postcss: 7.0.27
    dev: true
    resolution:
      integrity: sha512-LgsHwQR/EsRYSqlwdGzeaPKVT0Ml7LAT6E75T8W8xLJY62CE4S/l03BWIt3jT8Taq22kXP08s2SfTSzaraoPww==
  /postcss-selector-not/4.0.0:
    dependencies:
      balanced-match: 1.0.0
      postcss: 7.0.27
    dev: true
    resolution:
      integrity: sha512-W+bkBZRhqJaYN8XAnbbZPLWMvZD1wKTu0UxtFKdhtGjWYmxhkUneoeOhRJKdAE5V7ZTlnbHfCR+6bNwK9e1dTQ==
  /postcss-selector-parser/5.0.0:
    dependencies:
      cssesc: 2.0.0
      indexes-of: 1.0.1
      uniq: 1.0.1
    dev: true
    engines:
      node: '>=4'
    resolution:
      integrity: sha512-w+zLE5Jhg6Liz8+rQOWEAwtwkyqpfnmsinXjXg6cY7YIONZZtgvE0v2O0uhQBs0peNomOJwWRKt6JBfTdTd3OQ==
  /postcss-selector-parser/6.0.2:
    dependencies:
      cssesc: 3.0.0
      indexes-of: 1.0.1
      uniq: 1.0.1
    dev: true
    engines:
      node: '>=4'
    resolution:
      integrity: sha512-36P2QR59jDTOAiIkqEprfJDsoNrvwFei3eCqKd1Y0tUsBimsq39BLp7RD+JWny3WgB1zGhJX8XVePwm9k4wdBg==
  /postcss-value-parser/4.0.3:
    dev: true
    resolution:
      integrity: sha512-N7h4pG+Nnu5BEIzyeaaIYWs0LI5XC40OrRh5L60z0QjFsqGWcHcbkBvpe1WYpcIS9yQ8sOi/vIPt1ejQCrMVrg==
  /postcss-values-parser/2.0.1:
    dependencies:
      flatten: 1.0.3
      indexes-of: 1.0.1
      uniq: 1.0.1
    dev: true
    engines:
      node: '>=6.14.4'
    resolution:
      integrity: sha512-2tLuBsA6P4rYTNKCXYG/71C7j1pU6pK503suYOmn4xYrQIzW+opD+7FAFNuGSdZC/3Qfy334QbeMu7MEb8gOxg==
  /postcss/7.0.27:
    dependencies:
      chalk: 2.4.2
      source-map: 0.6.1
      supports-color: 6.1.0
    dev: true
    engines:
      node: '>=6.0.0'
    resolution:
      integrity: sha512-WuQETPMcW9Uf1/22HWUWP9lgsIC+KEHg2kozMflKjbeUtw9ujvFX6QmIfozaErDkmLWS9WEnEdEe6Uo9/BNTdQ==
  /qs/6.9.1:
    dev: true
    engines:
      node: '>=0.6'
    resolution:
      integrity: sha512-Cxm7/SS/y/Z3MHWSxXb8lIFqgqBowP5JMlTUFyJN88y0SGQhVmZnqFK/PeuMX9LzUyWsqqhNxIyg0jlzq946yA==
  /semver/6.3.0:
    dev: true
    hasBin: true
    resolution:
      integrity: sha512-b39TBaTSfV6yBrapU89p5fKekE2m/NwnDocOVruQFS1/veMgdzuPcnOM34M6CwxW8jH/lxEa5rBoDeUwu5HHTw==
  /source-map/0.6.1:
    dev: true
    engines:
      node: '>=0.10.0'
    resolution:
      integrity: sha512-UjgapumWlbMhkBgzT7Ykc5YXUT46F0iKu8SGXq0bcwP5dz/h0Plj6enJqjz1Zbq2l5WaqYnrVbwWOWMyF3F47g==
  /supports-color/5.5.0:
    dependencies:
      has-flag: 3.0.0
    dev: true
    engines:
      node: '>=4'
    resolution:
      integrity: sha512-QjVjwdXIt408MIiAqCX4oUKsgU2EqAGzs2Ppkm4aQYbjm+ZEWEcW4SfFNTr4uMNZma0ey4f5lgLrkB0aX0QMow==
  /supports-color/6.1.0:
    dependencies:
      has-flag: 3.0.0
    dev: true
    engines:
      node: '>=6'
    resolution:
      integrity: sha512-qe1jfm1Mg7Nq/NSh6XE24gPXROEVsWHxC1LIx//XNlD9iw7YZQGjZNjYN7xGaEG6iKdA8EtNFW6R0gjnVXp+wQ==
  /uniq/1.0.1:
    dev: true
    resolution:
      integrity: sha1-sxxa6CVIRKOoKBVBzisEuGWnNP8=
specifiers:
  autoprefixer: ^9.7.4
  postcss-preset-env: ^6.7.0
  qs: ^6.6.0
