# THIS IS AN AUTOGENERATED FILE. DO NOT EDIT THIS FILE DIRECTLY.
# yarn lockfile v1


ajv-errors@^1.0.0:
  version "1.0.1"
  resolved "https://registry.yarnpkg.com/ajv-errors/-/ajv-errors-1.0.1.tgz#f35986aceb91afadec4102fbd85014950cefa64d"
  integrity sha512-DCRfO/4nQ+89p/RK43i8Ezd41EqdGIU4ld7nGF8OQ14oc/we5rEntLCUa7+jrn3nn83BosfwZA0wb4pon2o8iQ==

ajv-keywords@^3.1.0:
  version "3.4.1"
  resolved "https://registry.yarnpkg.com/ajv-keywords/-/ajv-keywords-3.4.1.tgz#ef916e271c64ac12171fd8384eaae6b2345854da"
  integrity sha512-RO1ibKvd27e6FEShVFfPALuHI3WjSVNeK5FIsmme/LYRNxjKuNj+Dt7bucLa6NdSv3JcVTyMlm9kGR84z1XpaQ==

ajv@^6.1.0:
  version "6.10.2"
  resolved "https://registry.yarnpkg.com/ajv/-/ajv-6.10.2.tgz#d3cea04d6b017b2894ad69040fec8b623eb4bd52"
  integrity sha512-TXtUUEYHuaTEbLZWIKUr5pmBuhDLy+8KYtPYdcV8qC+pOZL+NKqYwvWSRrVXHn+ZmRRAu8vJTAznH7Oag6RVRw==
  dependencies:
    fast-deep-equal "^2.0.1"
    fast-json-stable-stringify "^2.0.0"
    json-schema-traverse "^0.4.1"
    uri-js "^4.2.2"

ansi-styles@^3.2.1:
  version "3.2.1"
  resolved "https://registry.yarnpkg.com/ansi-styles/-/ansi-styles-3.2.1.tgz#41fbb20243e50b12be0f04b8dedbf07520ce841d"
  integrity sha512-VT0ZI6kZRdTh8YyJw3SMbYm/u+NqfsAxEpWO0Pf9sq8/e94WxxOpPKx9FR1FlyCtOVDNOQ+8ntlqFxiRc+r5qA==
  dependencies:
    color-convert "^1.9.0"

argparse@^1.0.7:
  version "1.0.10"
  resolved "https://registry.yarnpkg.com/argparse/-/argparse-1.0.10.tgz#bcd6791ea5ae09725e17e5ad988134cd40b3d911"
  integrity sha512-o5Roy6tNG4SL/FOkCAN6RzjiakZS25RLYFrcMttJqbdd8BWrnA+fGz57iN5Pb06pvBGvl5gQ0B48dJlslXvoTg==
  dependencies:
    sprintf-js "~1.0.2"

autoprefixer@^9.6.0:
  version "9.6.5"
  resolved "https://registry.yarnpkg.com/autoprefixer/-/autoprefixer-9.6.5.tgz#98f4afe7e93cccf323287515d426019619775e5e"
  integrity sha512-rGd50YV8LgwFQ2WQp4XzOTG69u1qQsXn0amww7tjqV5jJuNazgFKYEVItEBngyyvVITKOg20zr2V+9VsrXJQ2g==
  dependencies:
    browserslist "^4.7.0"
    caniuse-lite "^1.0.30000999"
    chalk "^2.4.2"
    normalize-range "^0.1.2"
    num2fraction "^1.2.2"
    postcss "^7.0.18"
    postcss-value-parser "^4.0.2"

big.js@^5.2.2:
  version "5.2.2"
  resolved "https://registry.yarnpkg.com/big.js/-/big.js-5.2.2.tgz#65f0af382f578bcdc742bd9c281e9cb2d7768328"
  integrity sha512-vyL2OymJxmarO8gxMr0mhChsO9QGwhynfuu4+MHTAW6czfq9humCB7rKpUjDd9YUiDPU4mzpyupFSvOClAwbmQ==

browserslist@^4.7.0:
  version "4.7.0"
  resolved "https://registry.yarnpkg.com/browserslist/-/browserslist-4.7.0.tgz#9ee89225ffc07db03409f2fee524dc8227458a17"
  integrity sha512-9rGNDtnj+HaahxiVV38Gn8n8Lr8REKsel68v1sPFfIGEK6uSXTY3h9acgiT1dZVtOOUtifo/Dn8daDQ5dUgVsA==
  dependencies:
    caniuse-lite "^1.0.30000989"
    electron-to-chromium "^1.3.247"
    node-releases "^1.1.29"

caller-callsite@^2.0.0:
  version "2.0.0"
  resolved "https://registry.yarnpkg.com/caller-callsite/-/caller-callsite-2.0.0.tgz#847e0fce0a223750a9a027c54b33731ad3154134"
  integrity sha1-hH4PzgoiN1CpoCfFSzNzGtMVQTQ=
  dependencies:
    callsites "^2.0.0"

caller-path@^2.0.0:
  version "2.0.0"
  resolved "https://registry.yarnpkg.com/caller-path/-/caller-path-2.0.0.tgz#468f83044e369ab2010fac5f06ceee15bb2cb1f4"
  integrity sha1-Ro+DBE42mrIBD6xfBs7uFbsssfQ=
  dependencies:
    caller-callsite "^2.0.0"

callsites@^2.0.0:
  version "2.0.0"
  resolved "https://registry.yarnpkg.com/callsites/-/callsites-2.0.0.tgz#06eb84f00eea413da86affefacbffb36093b3c50"
  integrity sha1-BuuE8A7qQT2oav/vrL/7Ngk7PFA=

caniuse-lite@^1.0.30000989, caniuse-lite@^1.0.30000999:
  version "1.0.30000999"
  resolved "https://registry.yarnpkg.com/caniuse-lite/-/caniuse-lite-1.0.30000999.tgz#427253a69ad7bea4aa8d8345687b8eec51ca0e43"
  integrity sha512-1CUyKyecPeksKwXZvYw0tEoaMCo/RwBlXmEtN5vVnabvO0KPd9RQLcaAuR9/1F+KDMv6esmOFWlsXuzDk+8rxg==

chalk@^2.4.2:
  version "2.4.2"
  resolved "https://registry.yarnpkg.com/chalk/-/chalk-2.4.2.tgz#cd42541677a54333cf541a49108c1432b44c9424"
  integrity sha512-Mti+f9lpJNcwF4tWV8/OrTTtF1gZi+f8FqlyAdouralcFWFQWF2+NgCHShjkCb+IFBLq9buZwE1xckQU4peSuQ==
  dependencies:
    ansi-styles "^3.2.1"
    escape-string-regexp "^1.0.5"
    supports-color "^5.3.0"

color-convert@^1.9.0:
  version "1.9.3"
  resolved "https://registry.yarnpkg.com/color-convert/-/color-convert-1.9.3.tgz#bb71850690e1f136567de629d2d5471deda4c1e8"
  integrity sha512-QfAUtd+vFdAtFQcC8CCyYt1fYWxSqAiK2cSD6zDB8N3cpsEBAvRxp9zOGg6G/SHHJYAT88/az/IuDGALsNVbGg==
  dependencies:
    color-name "1.1.3"

color-name@1.1.3:
  version "1.1.3"
  resolved "https://registry.yarnpkg.com/color-name/-/color-name-1.1.3.tgz#a7d0558bd89c42f795dd42328f740831ca53bc25"
  integrity sha1-p9BVi9icQveV3UIyj3QIMcpTvCU=

cosmiconfig@^5.0.0:
  version "5.2.1"
  resolved "https://registry.yarnpkg.com/cosmiconfig/-/cosmiconfig-5.2.1.tgz#040f726809c591e77a17c0a3626ca45b4f168b1a"
  integrity sha512-H65gsXo1SKjf8zmrJ67eJk8aIRKV5ff2D4uKZIBZShbhGSpEmsQOPW/SKMKYhSTrqR7ufy6RP69rPogdaPh/kA==
  dependencies:
    import-fresh "^2.0.0"
    is-directory "^0.3.1"
    js-yaml "^3.13.1"
    parse-json "^4.0.0"

electron-to-chromium@^1.3.247:
  version "1.3.282"
  resolved "https://registry.yarnpkg.com/electron-to-chromium/-/electron-to-chromium-1.3.282.tgz#16118ae9c79a32ea93a17591d5b16e28d10fc08d"
  integrity sha512-irSaDeCGgfMu1OA30bhqIBr+dx+pDJjRbwCpob7YWqVZbzXblybNzPGklVnWqv4EXxbkEAzQYqiNCqNTgu00lQ==

emojis-list@^2.0.0:
  version "2.1.0"
  resolved "https://registry.yarnpkg.com/emojis-list/-/emojis-list-2.1.0.tgz#4daa4d9db00f9819880c79fa457ae5b09a1fd389"
  integrity sha1-TapNnbAPmBmIDHn6RXrlsJof04k=

error-ex@^1.3.1:
  version "1.3.2"
  resolved "https://registry.yarnpkg.com/error-ex/-/error-ex-1.3.2.tgz#b4ac40648107fdcdcfae242f428bea8a14d4f1bf"
  integrity sha512-7dFHNmqeFSEt2ZBsCriorKnn3Z2pj+fd9kmI6QoWw4//DL+icEBfc0U7qJCisqrTsKTjw4fNFy2pW9OqStD84g==
  dependencies:
    is-arrayish "^0.2.1"

escape-string-regexp@^1.0.5:
  version "1.0.5"
  resolved "https://registry.yarnpkg.com/escape-string-regexp/-/escape-string-regexp-1.0.5.tgz#1b61c0562190a8dff6ae3bb2cf0200ca130b86d4"
  integrity sha1-G2HAViGQqN/2rjuyzwIAyhMLhtQ=

esprima@^4.0.0:
  version "4.0.1"
  resolved "https://registry.yarnpkg.com/esprima/-/esprima-4.0.1.tgz#13b04cdb3e6c5d19df91ab6987a8695619b0aa71"
  integrity sha512-eGuFFw7Upda+g4p+QHvnW0RyTX/SVeJBDM/gCtMARO0cLuT2HcEKnTPvhjV6aGeqrCB/sbNop0Kszm0jsaWU4A==

fast-deep-equal@^2.0.1:
  version "2.0.1"
  resolved "https://registry.yarnpkg.com/fast-deep-equal/-/fast-deep-equal-2.0.1.tgz#7b05218ddf9667bf7f370bf7fdb2cb15fdd0aa49"
  integrity sha1-ewUhjd+WZ79/Nwv3/bLLFf3Qqkk=

fast-json-stable-stringify@^2.0.0:
  version "2.0.0"
  resolved "https://registry.yarnpkg.com/fast-json-stable-stringify/-/fast-json-stable-stringify-2.0.0.tgz#d5142c0caee6b1189f87d3a76111064f86c8bbf2"
  integrity sha1-1RQsDK7msRifh9OnYREGT4bIu/I=

has-flag@^3.0.0:
  version "3.0.0"
  resolved "https://registry.yarnpkg.com/has-flag/-/has-flag-3.0.0.tgz#b5d454dc2199ae225699f3467e5a07f3b955bafd"
  integrity sha1-tdRU3CGZriJWmfNGfloH87lVuv0=

import-cwd@^2.0.0:
  version "2.1.0"
  resolved "https://registry.yarnpkg.com/import-cwd/-/import-cwd-2.1.0.tgz#aa6cf36e722761285cb371ec6519f53e2435b0a9"
  integrity sha1-qmzzbnInYShcs3HsZRn1PiQ1sKk=
  dependencies:
    import-from "^2.1.0"

import-fresh@^2.0.0:
  version "2.0.0"
  resolved "https://registry.yarnpkg.com/import-fresh/-/import-fresh-2.0.0.tgz#d81355c15612d386c61f9ddd3922d4304822a546"
  integrity sha1-2BNVwVYS04bGH53dOSLUMEgipUY=
  dependencies:
    caller-path "^2.0.0"
    resolve-from "^3.0.0"

import-from@^2.1.0:
  version "2.1.0"
  resolved "https://registry.yarnpkg.com/import-from/-/import-from-2.1.0.tgz#335db7f2a7affd53aaa471d4b8021dee36b7f3b1"
  integrity sha1-M1238qev/VOqpHHUuAId7ja387E=
  dependencies:
    resolve-from "^3.0.0"

is-arrayish@^0.2.1:
  version "0.2.1"
  resolved "https://registry.yarnpkg.com/is-arrayish/-/is-arrayish-0.2.1.tgz#77c99840527aa8ecb1a8ba697b80645a7a926a9d"
  integrity sha1-d8mYQFJ6qOyxqLppe4BkWnqSap0=

is-directory@^0.3.1:
  version "0.3.1"
  resolved "https://registry.yarnpkg.com/is-directory/-/is-directory-0.3.1.tgz#61339b6f2475fc772fd9c9d83f5c8575dc154ae1"
  integrity sha1-YTObbyR1/Hcv2cnYP1yFddwVSuE=

js-yaml@^3.13.1:
  version "3.13.1"
  resolved "https://registry.yarnpkg.com/js-yaml/-/js-yaml-3.13.1.tgz#aff151b30bfdfa8e49e05da22e7415e9dfa37847"
  integrity sha512-YfbcO7jXDdyj0DGxYVSlSeQNHbD7XPWvrVWeVUujrQEoZzWJIRrCPoyk6kL6IAjAG2IolMK4T0hNUe0HOUs5Jw==
  dependencies:
    argparse "^1.0.7"
    esprima "^4.0.0"

json-parse-better-errors@^1.0.1:
  version "1.0.2"
  resolved "https://registry.yarnpkg.com/json-parse-better-errors/-/json-parse-better-errors-1.0.2.tgz#bb867cfb3450e69107c131d1c514bab3dc8bcaa9"
  integrity sha512-mrqyZKfX5EhL7hvqcV6WG1yYjnjeuYDzDhhcAAUrq8Po85NBQBJP+ZDUT75qZQ98IkUoBqdkExkukOU7Ts2wrw==

json-schema-traverse@^0.4.1:
  version "0.4.1"
  resolved "https://registry.yarnpkg.com/json-schema-traverse/-/json-schema-traverse-0.4.1.tgz#69f6a87d9513ab8bb8fe63bdb0979c448e684660"
  integrity sha512-xbbCH5dCYU5T8LcEhhuh7HJ88HXuW3qsI3Y0zOZFKfZEHcpWiHU/Jxzk629Brsab/mMiHQti9wMP+845RPe3Vg==

json5@^1.0.1:
  version "1.0.1"
  resolved "https://registry.yarnpkg.com/json5/-/json5-1.0.1.tgz#779fb0018604fa854eacbf6252180d83543e3dbe"
  integrity sha512-aKS4WQjPenRxiQsC93MNfjx+nbF4PAdYzmd/1JIj8HYzqfbu86beTuNgXDzPknWk0n0uARlyewZo4s++ES36Ow==
  dependencies:
    minimist "^1.2.0"

loader-utils@^1.1.0:
  version "1.2.3"
  resolved "https://registry.yarnpkg.com/loader-utils/-/loader-utils-1.2.3.tgz#1ff5dc6911c9f0a062531a4c04b609406108c2c7"
  integrity sha512-fkpz8ejdnEMG3s37wGL07iSBDg99O9D5yflE9RGNH3hRdx9SOwYfnGYdZOUIZitN8E+E2vkq3MUMYMvPYl5ZZA==
  dependencies:
    big.js "^5.2.2"
    emojis-list "^2.0.0"
    json5 "^1.0.1"

minimist@^1.2.0:
  version "1.2.0"
  resolved "https://registry.yarnpkg.com/minimist/-/minimist-1.2.0.tgz#a35008b20f41383eec1fb914f4cd5df79a264284"
  integrity sha1-o1AIsg9BOD7sH7kU9M1d95omQoQ=

node-releases@^1.1.29:
  version "1.1.35"
  resolved "https://registry.yarnpkg.com/node-releases/-/node-releases-1.1.35.tgz#32a74a3cd497aa77f23d509f483475fd160e4c48"
  integrity sha512-JGcM/wndCN/2elJlU0IGdVEJQQnJwsLbgPCFd2pY7V0mxf17bZ0Gb/lgOtL29ZQhvEX5shnVhxQyZz3ex94N8w==
  dependencies:
    semver "^6.3.0"

normalize-range@^0.1.2:
  version "0.1.2"
  resolved "https://registry.yarnpkg.com/normalize-range/-/normalize-range-0.1.2.tgz#2d10c06bdfd312ea9777695a4d28439456b75942"
  integrity sha1-LRDAa9/TEuqXd2laTShDlFa3WUI=

num2fraction@^1.2.2:
  version "1.2.2"
  resolved "https://registry.yarnpkg.com/num2fraction/-/num2fraction-1.2.2.tgz#6f682b6a027a4e9ddfa4564cd2589d1d4e669ede"
  integrity sha1-b2gragJ6Tp3fpFZM0lidHU5mnt4=

parse-json@^4.0.0:
  version "4.0.0"
  resolved "https://registry.yarnpkg.com/parse-json/-/parse-json-4.0.0.tgz#be35f5425be1f7f6c747184f98a788cb99477ee0"
  integrity sha1-vjX1Qlvh9/bHRxhPmKeIy5lHfuA=
  dependencies:
    error-ex "^1.3.1"
    json-parse-better-errors "^1.0.1"

postcss-load-config@^2.0.0:
  version "2.1.0"
  resolved "https://registry.yarnpkg.com/postcss-load-config/-/postcss-load-config-2.1.0.tgz#c84d692b7bb7b41ddced94ee62e8ab31b417b003"
  integrity sha512-4pV3JJVPLd5+RueiVVB+gFOAa7GWc25XQcMp86Zexzke69mKf6Nx9LRcQywdz7yZI9n1udOxmLuAwTBypypF8Q==
  dependencies:
    cosmiconfig "^5.0.0"
    import-cwd "^2.0.0"

postcss-loader@^3.0.0:
  version "3.0.0"
  resolved "https://registry.yarnpkg.com/postcss-loader/-/postcss-loader-3.0.0.tgz#6b97943e47c72d845fa9e03f273773d4e8dd6c2d"
  integrity sha512-cLWoDEY5OwHcAjDnkyRQzAXfs2jrKjXpO/HQFcc5b5u/r7aa471wdmChmwfnv7x2u840iat/wi0lQ5nbRgSkUA==
  dependencies:
    loader-utils "^1.1.0"
    postcss "^7.0.0"
    postcss-load-config "^2.0.0"
    schema-utils "^1.0.0"

postcss-value-parser@^4.0.2:
  version "4.0.2"
  resolved "https://registry.yarnpkg.com/postcss-value-parser/-/postcss-value-parser-4.0.2.tgz#482282c09a42706d1fc9a069b73f44ec08391dc9"
  integrity sha512-LmeoohTpp/K4UiyQCwuGWlONxXamGzCMtFxLq4W1nZVGIQLYvMCJx3yAF9qyyuFpflABI9yVdtJAqbihOsCsJQ==

postcss@^7.0.0, postcss@^7.0.18:
  version "7.0.18"
  resolved "https://registry.yarnpkg.com/postcss/-/postcss-7.0.18.tgz#4b9cda95ae6c069c67a4d933029eddd4838ac233"
  integrity sha512-/7g1QXXgegpF+9GJj4iN7ChGF40sYuGYJ8WZu8DZWnmhQ/G36hfdk3q9LBJmoK+lZ+yzZ5KYpOoxq7LF1BxE8g==
  dependencies:
    chalk "^2.4.2"
    source-map "^0.6.1"
    supports-color "^6.1.0"

punycode@^2.1.0:
  version "2.1.1"
  resolved "https://registry.yarnpkg.com/punycode/-/punycode-2.1.1.tgz#b58b010ac40c22c5657616c8d2c2c02c7bf479ec"
  integrity sha512-XRsRjdf+j5ml+y/6GKHPZbrF/8p2Yga0JPtdqTIY2Xe5ohJPD9saDJJLPvp9+NSBprVvevdXZybnj2cv8OEd0A==

resolve-from@^3.0.0:
  version "3.0.0"
  resolved "https://registry.yarnpkg.com/resolve-from/-/resolve-from-3.0.0.tgz#b22c7af7d9d6881bc8b6e653335eebcb0a188748"
  integrity sha1-six699nWiBvItuZTM17rywoYh0g=

schema-utils@^1.0.0:
  version "1.0.0"
  resolved "https://registry.yarnpkg.com/schema-utils/-/schema-utils-1.0.0.tgz#0b79a93204d7b600d4b2850d1f66c2a34951c770"
  integrity sha512-i27Mic4KovM/lnGsy8whRCHhc7VicJajAjTrYg11K9zfZXnYIt4k5F+kZkwjnrhKzLic/HLU4j11mjsz2G/75g==
  dependencies:
    ajv "^6.1.0"
    ajv-errors "^1.0.0"
    ajv-keywords "^3.1.0"

semver@^6.3.0:
  version "6.3.0"
  resolved "https://registry.yarnpkg.com/semver/-/semver-6.3.0.tgz#ee0a64c8af5e8ceea67687b133761e1becbd1d3d"
  integrity sha512-b39TBaTSfV6yBrapU89p5fKekE2m/NwnDocOVruQFS1/veMgdzuPcnOM34M6CwxW8jH/lxEa5rBoDeUwu5HHTw==

source-map@^0.6.1:
  version "0.6.1"
  resolved "https://registry.yarnpkg.com/source-map/-/source-map-0.6.1.tgz#74722af32e9614e9c287a8d0bbde48b5e2f1a263"
  integrity sha512-UjgapumWlbMhkBgzT7Ykc5YXUT46F0iKu8SGXq0bcwP5dz/h0Plj6enJqjz1Zbq2l5WaqYnrVbwWOWMyF3F47g==

sprintf-js@~1.0.2:
  version "1.0.3"
  resolved "https://registry.yarnpkg.com/sprintf-js/-/sprintf-js-1.0.3.tgz#04e6926f662895354f3dd015203633b857297e2c"
  integrity sha1-BOaSb2YolTVPPdAVIDYzuFcpfiw=

supports-color@^5.3.0:
  version "5.5.0"
  resolved "https://registry.yarnpkg.com/supports-color/-/supports-color-5.5.0.tgz#e2e69a44ac8772f78a1ec0b35b689df6530efc8f"
  integrity sha512-QjVjwdXIt408MIiAqCX4oUKsgU2EqAGzs2Ppkm4aQYbjm+ZEWEcW4SfFNTr4uMNZma0ey4f5lgLrkB0aX0QMow==
  dependencies:
    has-flag "^3.0.0"

supports-color@^6.1.0:
  version "6.1.0"
  resolved "https://registry.yarnpkg.com/supports-color/-/supports-color-6.1.0.tgz#0764abc69c63d5ac842dd4867e8d025e880df8f3"
  integrity sha512-qe1jfm1Mg7Nq/NSh6XE24gPXROEVsWHxC1LIx//XNlD9iw7YZQGjZNjYN7xGaEG6iKdA8EtNFW6R0gjnVXp+wQ==
  dependencies:
    has-flag "^3.0.0"

uri-js@^4.2.2:
  version "4.2.2"
  resolved "https://registry.yarnpkg.com/uri-js/-/uri-js-4.2.2.tgz#94c540e1ff772956e2299507c010aea6c8838eb0"
  integrity sha512-KY9Frmirql91X2Qgjry0Wd4Y+YTdrdZheS8TFwvkbLWf/G5KNJDCh6pKL5OZctEW4+0Baa5idK2ZQuELRwPznQ==
  dependencies:
    punycode "^2.1.0"
